// !$*UTF8*$!
{
	archiveVersion = 1;
	classes = {
	};
	objectVersion = 46;
	objects = {

/* Begin PBXBuildFile section */
		A3B7663C1C8C81E7001FBC5A /* AppKit.framework in Frameworks */ = {isa = PBXBuildFile; fileRef = A3B7663B1C8C81E7001FBC5A /* AppKit.framework */; };
		A3B7663E1C8C81E7001FBC5A /* Foundation.framework in Frameworks */ = {isa = PBXBuildFile; fileRef = A3B7663D1C8C81E7001FBC5A /* Foundation.framework */; };
		A3B766421C8C81E7001FBC5A /* Optional Outlets.xcscheme in Resources */ = {isa = PBXBuildFile; fileRef = A3B766411C8C81E7001FBC5A /* Optional Outlets.xcscheme */; };
		A3B766451C8C81E7001FBC5A /* Optional Outlets.m in Sources */ = {isa = PBXBuildFile; fileRef = A3B766441C8C81E7001FBC5A /* Optional Outlets.m */; };
		A3B766481C8C81E7001FBC5A /* NSObject_Extension.m in Sources */ = {isa = PBXBuildFile; fileRef = A3B766471C8C81E7001FBC5A /* NSObject_Extension.m */; };
/* End PBXBuildFile section */

/* Begin PBXFileReference section */
		A3B766381C8C81E7001FBC5A /* Optional Outlets.xcplugin */ = {isa = PBXFileReference; explicitFileType = wrapper.cfbundle; includeInIndex = 0; path = "Optional Outlets.xcplugin"; sourceTree = BUILT_PRODUCTS_DIR; };
		A3B7663B1C8C81E7001FBC5A /* AppKit.framework */ = {isa = PBXFileReference; lastKnownFileType = wrapper.framework; name = AppKit.framework; path = /System/Library/Frameworks/AppKit.framework; sourceTree = "<absolute>"; };
		A3B7663D1C8C81E7001FBC5A /* Foundation.framework */ = {isa = PBXFileReference; lastKnownFileType = wrapper.framework; name = Foundation.framework; path = /System/Library/Frameworks/Foundation.framework; sourceTree = "<absolute>"; };
		A3B766411C8C81E7001FBC5A /* Optional Outlets.xcscheme */ = {isa = PBXFileReference; lastKnownFileType = text.xml; name = "Optional Outlets.xcscheme"; path = "Optional Outlets.xcodeproj/xcshareddata/xcschemes/Optional Outlets.xcscheme"; sourceTree = SOURCE_ROOT; };
		A3B766431C8C81E7001FBC5A /* Optional Outlets.h */ = {isa = PBXFileReference; lastKnownFileType = sourcecode.c.h; path = "Optional Outlets.h"; sourceTree = "<group>"; };
		A3B766441C8C81E7001FBC5A /* Optional Outlets.m */ = {isa = PBXFileReference; lastKnownFileType = sourcecode.c.objc; path = "Optional Outlets.m"; sourceTree = "<group>"; };
		A3B766461C8C81E7001FBC5A /* NSObject_Extension.h */ = {isa = PBXFileReference; lastKnownFileType = sourcecode.c.h; path = NSObject_Extension.h; sourceTree = "<group>"; };
		A3B766471C8C81E7001FBC5A /* NSObject_Extension.m */ = {isa = PBXFileReference; lastKnownFileType = sourcecode.c.objc; path = NSObject_Extension.m; sourceTree = "<group>"; };
		A3B766491C8C81E7001FBC5A /* Info.plist */ = {isa = PBXFileReference; lastKnownFileType = text.plist.xml; path = Info.plist; sourceTree = "<group>"; };
/* End PBXFileReference section */

/* Begin PBXFrameworksBuildPhase section */
		A3B766361C8C81E7001FBC5A /* Frameworks */ = {
			isa = PBXFrameworksBuildPhase;
			buildActionMask = 2147483647;
			files = (
				A3B7663C1C8C81E7001FBC5A /* AppKit.framework in Frameworks */,
				A3B7663E1C8C81E7001FBC5A /* Foundation.framework in Frameworks */,
			);
			runOnlyForDeploymentPostprocessing = 0;
		};
/* End PBXFrameworksBuildPhase section */

/* Begin PBXGroup section */
		A3B7662F1C8C81E7001FBC5A = {
			isa = PBXGroup;
			children = (
				A3B7663F1C8C81E7001FBC5A /* Optional Outlets */,
				A3B7663A1C8C81E7001FBC5A /* Frameworks */,
				A3B766391C8C81E7001FBC5A /* Products */,
			);
			sourceTree = "<group>";
		};
		A3B766391C8C81E7001FBC5A /* Products */ = {
			isa = PBXGroup;
			children = (
				A3B766381C8C81E7001FBC5A /* Optional Outlets.xcplugin */,
			);
			name = Products;
			sourceTree = "<group>";
		};
		A3B7663A1C8C81E7001FBC5A /* Frameworks */ = {
			isa = PBXGroup;
			children = (
				A3B7663B1C8C81E7001FBC5A /* AppKit.framework */,
				A3B7663D1C8C81E7001FBC5A /* Foundation.framework */,
			);
			name = Frameworks;
			sourceTree = "<group>";
		};
		A3B7663F1C8C81E7001FBC5A /* Optional Outlets */ = {
			isa = PBXGroup;
			children = (
				A3B766431C8C81E7001FBC5A /* Optional Outlets.h */,
				A3B766441C8C81E7001FBC5A /* Optional Outlets.m */,
				A3B766461C8C81E7001FBC5A /* NSObject_Extension.h */,
				A3B766471C8C81E7001FBC5A /* NSObject_Extension.m */,
				A3B766491C8C81E7001FBC5A /* Info.plist */,
				A3B766401C8C81E7001FBC5A /* Supporting Files */,
			);
			path = "Optional Outlets";
			sourceTree = "<group>";
		};
		A3B766401C8C81E7001FBC5A /* Supporting Files */ = {
			isa = PBXGroup;
			children = (
				A3B766411C8C81E7001FBC5A /* Optional Outlets.xcscheme */,
			);
			name = "Supporting Files";
			sourceTree = "<group>";
		};
/* End PBXGroup section */

/* Begin PBXNativeTarget section */
		A3B766371C8C81E7001FBC5A /* Optional Outlets */ = {
			isa = PBXNativeTarget;
			buildConfigurationList = A3B7664C1C8C81E7001FBC5A /* Build configuration list for PBXNativeTarget "Optional Outlets" */;
			buildPhases = (
				A3B766341C8C81E7001FBC5A /* Sources */,
				A3B766351C8C81E7001FBC5A /* Resources */,
				A3B766361C8C81E7001FBC5A /* Frameworks */,
			);
			buildRules = (
			);
			dependencies = (
			);
			name = "Optional Outlets";
			productName = "Optional Outlets";
			productReference = A3B766381C8C81E7001FBC5A /* Optional Outlets.xcplugin */;
			productType = "com.apple.product-type.bundle";
		};
/* End PBXNativeTarget section */

/* Begin PBXProject section */
		A3B766301C8C81E7001FBC5A /* Project object */ = {
			isa = PBXProject;
			attributes = {
				LastUpgradeCheck = 0720;
				ORGANIZATIONNAME = "Francesco Perrotti-Garcia";
				TargetAttributes = {
					A3B766371C8C81E7001FBC5A = {
						CreatedOnToolsVersion = 7.2.1;
					};
				};
			};
			buildConfigurationList = A3B766331C8C81E7001FBC5A /* Build configuration list for PBXProject "Optional Outlets" */;
			compatibilityVersion = "Xcode 3.2";
			developmentRegion = English;
			hasScannedForEncodings = 0;
			knownRegions = (
				en,
			);
			mainGroup = A3B7662F1C8C81E7001FBC5A;
			productRefGroup = A3B766391C8C81E7001FBC5A /* Products */;
			projectDirPath = "";
			projectRoot = "";
			targets = (
				A3B766371C8C81E7001FBC5A /* Optional Outlets */,
			);
		};
/* End PBXProject section */

/* Begin PBXResourcesBuildPhase section */
		A3B766351C8C81E7001FBC5A /* Resources */ = {
			isa = PBXResourcesBuildPhase;
			buildActionMask = 2147483647;
			files = (
				A3B766421C8C81E7001FBC5A /* Optional Outlets.xcscheme in Resources */,
			);
			runOnlyForDeploymentPostprocessing = 0;
		};
/* End PBXResourcesBuildPhase section */

/* Begin PBXSourcesBuildPhase section */
		A3B766341C8C81E7001FBC5A /* Sources */ = {
			isa = PBXSourcesBuildPhase;
			buildActionMask = 2147483647;
			files = (
				A3B766451C8C81E7001FBC5A /* Optional Outlets.m in Sources */,
				A3B766481C8C81E7001FBC5A /* NSObject_Extension.m in Sources */,
			);
			runOnlyForDeploymentPostprocessing = 0;
		};
/* End PBXSourcesBuildPhase section */

/* Begin XCBuildConfiguration section */
		A3B7664A1C8C81E7001FBC5A /* Debug */ = {
			isa = XCBuildConfiguration;
			buildSettings = {
				ALWAYS_SEARCH_USER_PATHS = NO;
				CLANG_CXX_LANGUAGE_STANDARD = "gnu++0x";
				CLANG_CXX_LIBRARY = "libc++";
				CLANG_ENABLE_MODULES = YES;
				CLANG_ENABLE_OBJC_ARC = YES;
				CLANG_WARN_BOOL_CONVERSION = YES;
				CLANG_WARN_CONSTANT_CONVERSION = YES;
				CLANG_WARN_DIRECT_OBJC_ISA_USAGE = YES_ERROR;
				CLANG_WARN_EMPTY_BODY = YES;
				CLANG_WARN_ENUM_CONVERSION = YES;
				CLANG_WARN_INT_CONVERSION = YES;
				CLANG_WARN_OBJC_ROOT_CLASS = YES_ERROR;
				CLANG_WARN_UNREACHABLE_CODE = YES;
				CLANG_WARN__DUPLICATE_METHOD_MATCH = YES;
				COPY_PHASE_STRIP = NO;
				DEBUG_INFORMATION_FORMAT = dwarf;
				ENABLE_STRICT_OBJC_MSGSEND = YES;
				ENABLE_TESTABILITY = YES;
				GCC_C_LANGUAGE_STANDARD = gnu99;
				GCC_DYNAMIC_NO_PIC = NO;
				GCC_NO_COMMON_BLOCKS = YES;
				GCC_OPTIMIZATION_LEVEL = 0;
				GCC_PREPROCESSOR_DEFINITIONS = (
					"DEBUG=1",
					"$(inherited)",
				);
				GCC_WARN_64_TO_32_BIT_CONVERSION = YES;
				GCC_WARN_ABOUT_RETURN_TYPE = YES_ERROR;
				GCC_WARN_UNDECLARED_SELECTOR = YES;
				GCC_WARN_UNINITIALIZED_AUTOS = YES_AGGRESSIVE;
				GCC_WARN_UNUSED_FUNCTION = YES;
				GCC_WARN_UNUSED_VARIABLE = YES;
				MTL_ENABLE_DEBUG_INFO = YES;
				ONLY_ACTIVE_ARCH = YES;
			};
			name = Debug;
		};
		A3B7664B1C8C81E7001FBC5A /* Release */ = {
			isa = XCBuildConfiguration;
			buildSettings = {
				ALWAYS_SEARCH_USER_PATHS = NO;
				CLANG_CXX_LANGUAGE_STANDARD = "gnu++0x";
				CLANG_CXX_LIBRARY = "libc++";
				CLANG_ENABLE_MODULES = YES;
				CLANG_ENABLE_OBJC_ARC = YES;
				CLANG_WARN_BOOL_CONVERSION = YES;
				CLANG_WARN_CONSTANT_CONVERSION = YES;
				CLANG_WARN_DIRECT_OBJC_ISA_USAGE = YES_ERROR;
				CLANG_WARN_EMPTY_BODY = YES;
				CLANG_WARN_ENUM_CONVERSION = YES;
				CLANG_WARN_INT_CONVERSION = YES;
				CLANG_WARN_OBJC_ROOT_CLASS = YES_ERROR;
				CLANG_WARN_UNREACHABLE_CODE = YES;
				CLANG_WARN__DUPLICATE_METHOD_MATCH = YES;
				COPY_PHASE_STRIP = NO;
				DEBUG_INFORMATION_FORMAT = "dwarf-with-dsym";
				ENABLE_NS_ASSERTIONS = NO;
				ENABLE_STRICT_OBJC_MSGSEND = YES;
				GCC_C_LANGUAGE_STANDARD = gnu99;
				GCC_NO_COMMON_BLOCKS = YES;
				GCC_WARN_64_TO_32_BIT_CONVERSION = YES;
				GCC_WARN_ABOUT_RETURN_TYPE = YES_ERROR;
				GCC_WARN_UNDECLARED_SELECTOR = YES;
				GCC_WARN_UNINITIALIZED_AUTOS = YES_AGGRESSIVE;
				GCC_WARN_UNUSED_FUNCTION = YES;
				GCC_WARN_UNUSED_VARIABLE = YES;
				MTL_ENABLE_DEBUG_INFO = NO;
			};
			name = Release;
		};
		A3B7664D1C8C81E7001FBC5A /* Debug */ = {
			isa = XCBuildConfiguration;
			buildSettings = {
				COMBINE_HIDPI_IMAGES = YES;
				DEPLOYMENT_LOCATION = YES;
				DSTROOT = "$(HOME)";
				INFOPLIST_FILE = "Optional Outlets/Info.plist";
				INSTALL_PATH = "/Library/Application Support/Developer/Shared/Xcode/Plug-ins";
				MACOSX_DEPLOYMENT_TARGET = 10.10;
				PRODUCT_BUNDLE_IDENTIFIER = "com.perrotti-garcia.Optional-Outlets";
				PRODUCT_NAME = "$(TARGET_NAME)";
				WRAPPER_EXTENSION = xcplugin;
			};
			name = Debug;
		};
		A3B7664E1C8C81E7001FBC5A /* Release */ = {
			isa = XCBuildConfiguration;
			buildSettings = {
				COMBINE_HIDPI_IMAGES = YES;
				DEPLOYMENT_LOCATION = YES;
				DSTROOT = "$(HOME)";
				INFOPLIST_FILE = "Optional Outlets/Info.plist";
				INSTALL_PATH = "/Library/Application Support/Developer/Shared/Xcode/Plug-ins";
				MACOSX_DEPLOYMENT_TARGET = 10.10;
				PRODUCT_BUNDLE_IDENTIFIER = "com.perrotti-garcia.Optional-Outlets";
				PRODUCT_NAME = "$(TARGET_NAME)";
				WRAPPER_EXTENSION = xcplugin;
			};
			name = Release;
		};
/* End XCBuildConfiguration section */

/* Begin XCConfigurationList section */
		A3B766331C8C81E7001FBC5A /* Build configuration list for PBXProject "Optional Outlets" */ = {
			isa = XCConfigurationList;
			buildConfigurations = (
				A3B7664A1C8C81E7001FBC5A /* Debug */,
				A3B7664B1C8C81E7001FBC5A /* Release */,
			);
			defaultConfigurationIsVisible = 0;
			defaultConfigurationName = Release;
		};
		A3B7664C1C8C81E7001FBC5A /* Build configuration list for PBXNativeTarget "Optional Outlets" */ = {
			isa = XCConfigurationList;
			buildConfigurations = (
				A3B7664D1C8C81E7001FBC5A /* Debug */,
				A3B7664E1C8C81E7001FBC5A /* Release */,
			);
			defaultConfigurationIsVisible = 0;
		};
/* End XCConfigurationList section */
	};
	rootObject = A3B766301C8C81E7001FBC5A /* Project object */;
}
